// !$*UTF8*$!
{
	archiveVersion = 1;
	classes = {
	};
	objectVersion = 46;
	objects = {

/* Begin PBXBuildFile section */
		CC7C4E3D1A980B1400FC7C51 /* main.m in Sources */ = {isa = PBXBuildFile; fileRef = CC7C4E3C1A980B1400FC7C51 /* main.m */; };
		CC7C4E401A980B1400FC7C51 /* AppDelegate.m in Sources */ = {isa = PBXBuildFile; fileRef = CC7C4E3F1A980B1400FC7C51 /* AppDelegate.m */; };
		CC7C4E431A980B1400FC7C51 /* MasterViewController.m in Sources */ = {isa = PBXBuildFile; fileRef = CC7C4E421A980B1400FC7C51 /* MasterViewController.m */; };
		CC7C4E461A980B1400FC7C51 /* DetailViewController.m in Sources */ = {isa = PBXBuildFile; fileRef = CC7C4E451A980B1400FC7C51 /* DetailViewController.m */; };
		CC7C4E491A980B1400FC7C51 /* Main.storyboard in Resources */ = {isa = PBXBuildFile; fileRef = CC7C4E471A980B1400FC7C51 /* Main.storyboard */; };
		CC7C4E4B1A980B1400FC7C51 /* Images.xcassets in Resources */ = {isa = PBXBuildFile; fileRef = CC7C4E4A1A980B1400FC7C51 /* Images.xcassets */; };
		CC7C4E4E1A980B1400FC7C51 /* LaunchScreen.xib in Resources */ = {isa = PBXBuildFile; fileRef = CC7C4E4C1A980B1400FC7C51 /* LaunchScreen.xib */; };
		CC7C4E5A1A980B1400FC7C51 /* RSS_ReaderTests.m in Sources */ = {isa = PBXBuildFile; fileRef = CC7C4E591A980B1400FC7C51 /* RSS_ReaderTests.m */; };
/* End PBXBuildFile section */

/* Begin PBXContainerItemProxy section */
		CC7C4E541A980B1400FC7C51 /* PBXContainerItemProxy */ = {
			isa = PBXContainerItemProxy;
			containerPortal = CC7C4E2F1A980B1300FC7C51 /* Project object */;
			proxyType = 1;
			remoteGlobalIDString = CC7C4E361A980B1400FC7C51;
			remoteInfo = RSS_Reader;
		};
/* End PBXContainerItemProxy section */

/* Begin PBXFileReference section */
		CC7C4E371A980B1400FC7C51 /* RSS_Reader.app */ = {isa = PBXFileReference; explicitFileType = wrapper.application; includeInIndex = 0; path = RSS_Reader.app; sourceTree = BUILT_PRODUCTS_DIR; };
		CC7C4E3B1A980B1400FC7C51 /* Info.plist */ = {isa = PBXFileReference; lastKnownFileType = text.plist.xml; path = Info.plist; sourceTree = "<group>"; };
		CC7C4E3C1A980B1400FC7C51 /* main.m */ = {isa = PBXFileReference; lastKnownFileType = sourcecode.c.objc; path = main.m; sourceTree = "<group>"; };
		CC7C4E3E1A980B1400FC7C51 /* AppDelegate.h */ = {isa = PBXFileReference; lastKnownFileType = sourcecode.c.h; path = AppDelegate.h; sourceTree = "<group>"; };
		CC7C4E3F1A980B1400FC7C51 /* AppDelegate.m */ = {isa = PBXFileReference; lastKnownFileType = sourcecode.c.objc; path = AppDelegate.m; sourceTree = "<group>"; };
		CC7C4E411A980B1400FC7C51 /* MasterViewController.h */ = {isa = PBXFileReference; lastKnownFileType = sourcecode.c.h; path = MasterViewController.h; sourceTree = "<group>"; };
		CC7C4E421A980B1400FC7C51 /* MasterViewController.m */ = {isa = PBXFileReference; lastKnownFileType = sourcecode.c.objc; path = MasterViewController.m; sourceTree = "<group>"; };
		CC7C4E441A980B1400FC7C51 /* DetailViewController.h */ = {isa = PBXFileReference; lastKnownFileType = sourcecode.c.h; path = DetailViewController.h; sourceTree = "<group>"; };
		CC7C4E451A980B1400FC7C51 /* DetailViewController.m */ = {isa = PBXFileReference; lastKnownFileType = sourcecode.c.objc; path = DetailViewController.m; sourceTree = "<group>"; };
		CC7C4E481A980B1400FC7C51 /* Base */ = {isa = PBXFileReference; lastKnownFileType = file.storyboard; name = Base; path = Base.lproj/Main.storyboard; sourceTree = "<group>"; };
		CC7C4E4A1A980B1400FC7C51 /* Images.xcassets */ = {isa = PBXFileReference; lastKnownFileType = folder.assetcatalog; path = Images.xcassets; sourceTree = "<group>"; };
		CC7C4E4D1A980B1400FC7C51 /* Base */ = {isa = PBXFileReference; lastKnownFileType = file.xib; name = Base; path = Base.lproj/LaunchScreen.xib; sourceTree = "<group>"; };
		CC7C4E531A980B1400FC7C51 /* RSS_ReaderTests.xctest */ = {isa = PBXFileReference; explicitFileType = wrapper.cfbundle; includeInIndex = 0; path = RSS_ReaderTests.xctest; sourceTree = BUILT_PRODUCTS_DIR; };
		CC7C4E581A980B1400FC7C51 /* Info.plist */ = {isa = PBXFileReference; lastKnownFileType = text.plist.xml; path = Info.plist; sourceTree = "<group>"; };
		CC7C4E591A980B1400FC7C51 /* RSS_ReaderTests.m */ = {isa = PBXFileReference; lastKnownFileType = sourcecode.c.objc; path = RSS_ReaderTests.m; sourceTree = "<group>"; };
/* End PBXFileReference section */

/* Begin PBXFrameworksBuildPhase section */
		CC7C4E341A980B1400FC7C51 /* Frameworks */ = {
			isa = PBXFrameworksBuildPhase;
			buildActionMask = 2147483647;
			files = (
			);
			runOnlyForDeploymentPostprocessing = 0;
		};
		CC7C4E501A980B1400FC7C51 /* Frameworks */ = {
			isa = PBXFrameworksBuildPhase;
			buildActionMask = 2147483647;
			files = (
			);
			runOnlyForDeploymentPostprocessing = 0;
		};
/* End PBXFrameworksBuildPhase section */

/* Begin PBXGroup section */
		CC7C4E2E1A980B1300FC7C51 = {
			isa = PBXGroup;
			children = (
				CC7C4E391A980B1400FC7C51 /* RSS_Reader */,
				CC7C4E561A980B1400FC7C51 /* RSS_ReaderTests */,
				CC7C4E381A980B1400FC7C51 /* Products */,
			);
			sourceTree = "<group>";
		};
		CC7C4E381A980B1400FC7C51 /* Products */ = {
			isa = PBXGroup;
			children = (
				CC7C4E371A980B1400FC7C51 /* RSS_Reader.app */,
				CC7C4E531A980B1400FC7C51 /* RSS_ReaderTests.xctest */,
			);
			name = Products;
			sourceTree = "<group>";
		};
		CC7C4E391A980B1400FC7C51 /* RSS_Reader */ = {
			isa = PBXGroup;
			children = (
				CC7C4E3E1A980B1400FC7C51 /* AppDelegate.h */,
				CC7C4E3F1A980B1400FC7C51 /* AppDelegate.m */,
				CC7C4E411A980B1400FC7C51 /* MasterViewController.h */,
				CC7C4E421A980B1400FC7C51 /* MasterViewController.m */,
				CC7C4E441A980B1400FC7C51 /* DetailViewController.h */,
				CC7C4E451A980B1400FC7C51 /* DetailViewController.m */,
				CC7C4E471A980B1400FC7C51 /* Main.storyboard */,
				CC7C4E4A1A980B1400FC7C51 /* Images.xcassets */,
				CC7C4E4C1A980B1400FC7C51 /* LaunchScreen.xib */,
				CC7C4E3A1A980B1400FC7C51 /* Supporting Files */,
			);
			path = RSS_Reader;
			sourceTree = "<group>";
		};
		CC7C4E3A1A980B1400FC7C51 /* Supporting Files */ = {
			isa = PBXGroup;
			children = (
				CC7C4E3B1A980B1400FC7C51 /* Info.plist */,
				CC7C4E3C1A980B1400FC7C51 /* main.m */,
			);
			name = "Supporting Files";
			sourceTree = "<group>";
		};
		CC7C4E561A980B1400FC7C51 /* RSS_ReaderTests */ = {
			isa = PBXGroup;
			children = (
				CC7C4E591A980B1400FC7C51 /* RSS_ReaderTests.m */,
				CC7C4E571A980B1400FC7C51 /* Supporting Files */,
			);
			path = RSS_ReaderTests;
			sourceTree = "<group>";
		};
		CC7C4E571A980B1400FC7C51 /* Supporting Files */ = {
			isa = PBXGroup;
			children = (
				CC7C4E581A980B1400FC7C51 /* Info.plist */,
			);
			name = "Supporting Files";
			sourceTree = "<group>";
		};
/* End PBXGroup section */

/* Begin PBXNativeTarget section */
		CC7C4E361A980B1400FC7C51 /* RSS_Reader */ = {
			isa = PBXNativeTarget;
			buildConfigurationList = CC7C4E5D1A980B1400FC7C51 /* Build configuration list for PBXNativeTarget "RSS_Reader" */;
			buildPhases = (
				CC7C4E331A980B1400FC7C51 /* Sources */,
				CC7C4E341A980B1400FC7C51 /* Frameworks */,
				CC7C4E351A980B1400FC7C51 /* Resources */,
			);
			buildRules = (
			);
			dependencies = (
			);
			name = RSS_Reader;
			productName = RSS_Reader;
			productReference = CC7C4E371A980B1400FC7C51 /* RSS_Reader.app */;
			productType = "com.apple.product-type.application";
		};
		CC7C4E521A980B1400FC7C51 /* RSS_ReaderTests */ = {
			isa = PBXNativeTarget;
			buildConfigurationList = CC7C4E601A980B1400FC7C51 /* Build configuration list for PBXNativeTarget "RSS_ReaderTests" */;
			buildPhases = (
				CC7C4E4F1A980B1400FC7C51 /* Sources */,
				CC7C4E501A980B1400FC7C51 /* Frameworks */,
				CC7C4E511A980B1400FC7C51 /* Resources */,
			);
			buildRules = (
			);
			dependencies = (
				CC7C4E551A980B1400FC7C51 /* PBXTargetDependency */,
			);
			name = RSS_ReaderTests;
			productName = RSS_ReaderTests;
			productReference = CC7C4E531A980B1400FC7C51 /* RSS_ReaderTests.xctest */;
			productType = "com.apple.product-type.bundle.unit-test";
		};
/* End PBXNativeTarget section */

/* Begin PBXProject section */
		CC7C4E2F1A980B1300FC7C51 /* Project object */ = {
			isa = PBXProject;
			attributes = {
				LastUpgradeCheck = 0610;
				ORGANIZATIONNAME = XiaoYifan;
				TargetAttributes = {
					CC7C4E361A980B1400FC7C51 = {
						CreatedOnToolsVersion = 6.1.1;
					};
					CC7C4E521A980B1400FC7C51 = {
						CreatedOnToolsVersion = 6.1.1;
						TestTargetID = CC7C4E361A980B1400FC7C51;
					};
				};
			};
			buildConfigurationList = CC7C4E321A980B1400FC7C51 /* Build configuration list for PBXProject "RSS_Reader" */;
			compatibilityVersion = "Xcode 3.2";
			developmentRegion = English;
			hasScannedForEncodings = 0;
			knownRegions = (
				en,
				Base,
			);
			mainGroup = CC7C4E2E1A980B1300FC7C51;
			productRefGroup = CC7C4E381A980B1400FC7C51 /* Products */;
			projectDirPath = "";
			projectRoot = "";
			targets = (
				CC7C4E361A980B1400FC7C51 /* RSS_Reader */,
				CC7C4E521A980B1400FC7C51 /* RSS_ReaderTests */,
			);
		};
/* End PBXProject section */

/* Begin PBXResourcesBuildPhase section */
		CC7C4E351A980B1400FC7C51 /* Resources */ = {
			isa = PBXResourcesBuildPhase;
			buildActionMask = 2147483647;
			files = (
				CC7C4E491A980B1400FC7C51 /* Main.storyboard in Resources */,
				CC7C4E4E1A980B1400FC7C51 /* LaunchScreen.xib in Resources */,
				CC7C4E4B1A980B1400FC7C51 /* Images.xcassets in Resources */,
			);
			runOnlyForDeploymentPostprocessing = 0;
		};
		CC7C4E511A980B1400FC7C51 /* Resources */ = {
			isa = PBXResourcesBuildPhase;
			buildActionMask = 2147483647;
			files = (
			);
			runOnlyForDeploymentPostprocessing = 0;
		};
/* End PBXResourcesBuildPhase section */

/* Begin PBXSourcesBuildPhase section */
		CC7C4E331A980B1400FC7C51 /* Sources */ = {
			isa = PBXSourcesBuildPhase;
			buildActionMask = 2147483647;
			files = (
				CC7C4E401A980B1400FC7C51 /* AppDelegate.m in Sources */,
				CC7C4E431A980B1400FC7C51 /* MasterViewController.m in Sources */,
				CC7C4E3D1A980B1400FC7C51 /* main.m in Sources */,
				CC7C4E461A980B1400FC7C51 /* DetailViewController.m in Sources */,
			);
			runOnlyForDeploymentPostprocessing = 0;
		};
		CC7C4E4F1A980B1400FC7C51 /* Sources */ = {
			isa = PBXSourcesBuildPhase;
			buildActionMask = 2147483647;
			files = (
				CC7C4E5A1A980B1400FC7C51 /* RSS_ReaderTests.m in Sources */,
			);
			runOnlyForDeploymentPostprocessing = 0;
		};
/* End PBXSourcesBuildPhase section */

/* Begin PBXTargetDependency section */
		CC7C4E551A980B1400FC7C51 /* PBXTargetDependency */ = {
			isa = PBXTargetDependency;
			target = CC7C4E361A980B1400FC7C51 /* RSS_Reader */;
			targetProxy = CC7C4E541A980B1400FC7C51 /* PBXContainerItemProxy */;
		};
/* End PBXTargetDependency section */

/* Begin PBXVariantGroup section */
		CC7C4E471A980B1400FC7C51 /* Main.storyboard */ = {
			isa = PBXVariantGroup;
			children = (
				CC7C4E481A980B1400FC7C51 /* Base */,
			);
			name = Main.storyboard;
			sourceTree = "<group>";
		};
		CC7C4E4C1A980B1400FC7C51 /* LaunchScreen.xib */ = {
			isa = PBXVariantGroup;
			children = (
				CC7C4E4D1A980B1400FC7C51 /* Base */,
			);
			name = LaunchScreen.xib;
			sourceTree = "<group>";
		};
/* End PBXVariantGroup section */

/* Begin XCBuildConfiguration section */
		CC7C4E5B1A980B1400FC7C51 /* Debug */ = {
			isa = XCBuildConfiguration;
			buildSettings = {
				ALWAYS_SEARCH_USER_PATHS = NO;
				CLANG_CXX_LANGUAGE_STANDARD = "gnu++0x";
				CLANG_CXX_LIBRARY = "libc++";
				CLANG_ENABLE_MODULES = YES;
				CLANG_ENABLE_OBJC_ARC = YES;
				CLANG_WARN_BOOL_CONVERSION = YES;
				CLANG_WARN_CONSTANT_CONVERSION = YES;
				CLANG_WARN_DIRECT_OBJC_ISA_USAGE = YES_ERROR;
				CLANG_WARN_EMPTY_BODY = YES;
				CLANG_WARN_ENUM_CONVERSION = YES;
				CLANG_WARN_INT_CONVERSION = YES;
				CLANG_WARN_OBJC_ROOT_CLASS = YES_ERROR;
				CLANG_WARN_UNREACHABLE_CODE = YES;
				CLANG_WARN__DUPLICATE_METHOD_MATCH = YES;
				"CODE_SIGN_IDENTITY[sdk=iphoneos*]" = "iPhone Developer";
				COPY_PHASE_STRIP = NO;
				ENABLE_STRICT_OBJC_MSGSEND = YES;
				GCC_C_LANGUAGE_STANDARD = gnu99;
				GCC_DYNAMIC_NO_PIC = NO;
				GCC_OPTIMIZATION_LEVEL = 0;
				GCC_PREPROCESSOR_DEFINITIONS = (
					"DEBUG=1",
					"$(inherited)",
				);
				GCC_SYMBOLS_PRIVATE_EXTERN = NO;
				GCC_WARN_64_TO_32_BIT_CONVERSION = YES;
				GCC_WARN_ABOUT_RETURN_TYPE = YES_ERROR;
				GCC_WARN_UNDECLARED_SELECTOR = YES;
				GCC_WARN_UNINITIALIZED_AUTOS = YES_AGGRESSIVE;
				GCC_WARN_UNUSED_FUNCTION = YES;
				GCC_WARN_UNUSED_VARIABLE = YES;
				IPHONEOS_DEPLOYMENT_TARGET = 8.1;
				MTL_ENABLE_DEBUG_INFO = YES;
				ONLY_ACTIVE_ARCH = YES;
				SDKROOT = iphoneos;
				TARGETED_DEVICE_FAMILY = "1,2";
			};
			name = Debug;
		};
		CC7C4E5C1A980B1400FC7C51 /* Release */ = {
			isa = XCBuildConfiguration;
			buildSettings = {
				ALWAYS_SEARCH_USER_PATHS = NO;
				CLANG_CXX_LANGUAGE_STANDARD = "gnu++0x";
				CLANG_CXX_LIBRARY = "libc++";
				CLANG_ENABLE_MODULES = YES;
				CLANG_ENABLE_OBJC_ARC = YES;
				CLANG_WARN_BOOL_CONVERSION = YES;
				CLANG_WARN_CONSTANT_CONVERSION = YES;
				CLANG_WARN_DIRECT_OBJC_ISA_USAGE = YES_ERROR;
				CLANG_WARN_EMPTY_BODY = YES;
				CLANG_WARN_ENUM_CONVERSION = YES;
				CLANG_WARN_INT_CONVERSION = YES;
				CLANG_WARN_OBJC_ROOT_CLASS = YES_ERROR;
				CLANG_WARN_UNREACHABLE_CODE = YES;
				CLANG_WARN__DUPLICATE_METHOD_MATCH = YES;
				"CODE_SIGN_IDENTITY[sdk=iphoneos*]" = "iPhone Developer";
				COPY_PHASE_STRIP = YES;
				ENABLE_NS_ASSERTIONS = NO;
				ENABLE_STRICT_OBJC_MSGSEND = YES;
				GCC_C_LANGUAGE_STANDARD = gnu99;
				GCC_WARN_64_TO_32_BIT_CONVERSION = YES;
				GCC_WARN_ABOUT_RETURN_TYPE = YES_ERROR;
				GCC_WARN_UNDECLARED_SELECTOR = YES;
				GCC_WARN_UNINITIALIZED_AUTOS = YES_AGGRESSIVE;
				GCC_WARN_UNUSED_FUNCTION = YES;
				GCC_WARN_UNUSED_VARIABLE = YES;
				IPHONEOS_DEPLOYMENT_TARGET = 8.1;
				MTL_ENABLE_DEBUG_INFO = NO;
				SDKROOT = iphoneos;
				TARGETED_DEVICE_FAMILY = "1,2";
				VALIDATE_PRODUCT = YES;
			};
			name = Release;
		};
		CC7C4E5E1A980B1400FC7C51 /* Debug */ = {
			isa = XCBuildConfiguration;
			buildSettings = {
				ASSETCATALOG_COMPILER_APPICON_NAME = AppIcon;
				INFOPLIST_FILE = RSS_Reader/Info.plist;
				LD_RUNPATH_SEARCH_PATHS = "$(inherited) @executable_path/Frameworks";
				PRODUCT_NAME = "$(TARGET_NAME)";
			};
			name = Debug;
		};
		CC7C4E5F1A980B1400FC7C51 /* Release */ = {
			isa = XCBuildConfiguration;
			buildSettings = {
				ASSETCATALOG_COMPILER_APPICON_NAME = AppIcon;
				INFOPLIST_FILE = RSS_Reader/Info.plist;
				LD_RUNPATH_SEARCH_PATHS = "$(inherited) @executable_path/Frameworks";
				PRODUCT_NAME = "$(TARGET_NAME)";
			};
			name = Release;
		};
		CC7C4E611A980B1400FC7C51 /* Debug */ = {
			isa = XCBuildConfiguration;
			buildSettings = {
				BUNDLE_LOADER = "$(TEST_HOST)";
				FRAMEWORK_SEARCH_PATHS = (
					"$(SDKROOT)/Developer/Library/Frameworks",
					"$(inherited)",
				);
				GCC_PREPROCESSOR_DEFINITIONS = (
					"DEBUG=1",
					"$(inherited)",
				);
				INFOPLIST_FILE = RSS_ReaderTests/Info.plist;
				LD_RUNPATH_SEARCH_PATHS = "$(inherited) @executable_path/Frameworks @loader_path/Frameworks";
				PRODUCT_NAME = "$(TARGET_NAME)";
				TEST_HOST = "$(BUILT_PRODUCTS_DIR)/RSS_Reader.app/RSS_Reader";
			};
			name = Debug;
		};
		CC7C4E621A980B1400FC7C51 /* Release */ = {
			isa = XCBuildConfiguration;
			buildSettings = {
				BUNDLE_LOADER = "$(TEST_HOST)";
				FRAMEWORK_SEARCH_PATHS = (
					"$(SDKROOT)/Developer/Library/Frameworks",
					"$(inherited)",
				);
				INFOPLIST_FILE = RSS_ReaderTests/Info.plist;
				LD_RUNPATH_SEARCH_PATHS = "$(inherited) @executable_path/Frameworks @loader_path/Frameworks";
				PRODUCT_NAME = "$(TARGET_NAME)";
				TEST_HOST = "$(BUILT_PRODUCTS_DIR)/RSS_Reader.app/RSS_Reader";
			};
			name = Release;
		};
/* End XCBuildConfiguration section */

/* Begin XCConfigurationList section */
		CC7C4E321A980B1400FC7C51 /* Build configuration list for PBXProject "RSS_Reader" */ = {
			isa = XCConfigurationList;
			buildConfigurations = (
				CC7C4E5B1A980B1400FC7C51 /* Debug */,
				CC7C4E5C1A980B1400FC7C51 /* Release */,
			);
			defaultConfigurationIsVisible = 0;
			defaultConfigurationName = Release;
		};
		CC7C4E5D1A980B1400FC7C51 /* Build configuration list for PBXNativeTarget "RSS_Reader" */ = {
			isa = XCConfigurationList;
			buildConfigurations = (
				CC7C4E5E1A980B1400FC7C51 /* Debug */,
				CC7C4E5F1A980B1400FC7C51 /* Release */,
			);
			defaultConfigurationIsVisible = 0;
		};
		CC7C4E601A980B1400FC7C51 /* Build configuration list for PBXNativeTarget "RSS_ReaderTests" */ = {
			isa = XCConfigurationList;
			buildConfigurations = (
				CC7C4E611A980B1400FC7C51 /* Debug */,
				CC7C4E621A980B1400FC7C51 /* Release */,
			);
			defaultConfigurationIsVisible = 0;
		};
/* End XCConfigurationList section */
	};
	rootObject = CC7C4E2F1A980B1300FC7C51 /* Project object */;
}
